
Microsoft Visual Studio Solution File, Format Version 12.00
# Visual Studio 14
VisualStudioVersion = 14.0.25420.1
MinimumVisualStudioVersion = 10.0.40219.1
Project("{9092AA53-FB77-4645-B42D-1CCCA6BD08BD}") = "Qimb.Framework", "Qimb.Framework\Qimb.Framework.njsproj", "{19356BDE-8A49-48A1-B7BF-086FAFBCBB0E}"
EndProject
Project("{9092AA53-FB77-4645-B42D-1CCCA6BD08BD}") = "Qimb.Framework.Tests", "Qimb.Framework.Tests\Qimb.Framework.Tests.njsproj", "{C083E280-280D-4191-8EB5-F01C6560E09F}"
EndProject
Global
	GlobalSection(SolutionConfigurationPlatforms) = preSolution
		Debug|Any CPU = Debug|Any CPU
		Release|Any CPU = Release|Any CPU
	EndGlobalSection
	GlobalSection(ProjectConfigurationPlatforms) = postSolution
		{19356BDE-8A49-48A1-B7BF-086FAFBCBB0E}.Debug|Any CPU.ActiveCfg = Debug|Any CPU
		{19356BDE-8A49-48A1-B7BF-086FAFBCBB0E}.Debug|Any CPU.Build.0 = Debug|Any CPU
		{19356BDE-8A49-48A1-B7BF-086FAFBCBB0E}.Release|Any CPU.ActiveCfg = Release|Any CPU
		{19356BDE-8A49-48A1-B7BF-086FAFBCBB0E}.Release|Any CPU.Build.0 = Release|Any CPU
		{C083E280-280D-4191-8EB5-F01C6560E09F}.Debug|Any CPU.ActiveCfg = Debug|Any CPU
		{C083E280-280D-4191-8EB5-F01C6560E09F}.Debug|Any CPU.Build.0 = Debug|Any CPU
		{C083E280-280D-4191-8EB5-F01C6560E09F}.Release|Any CPU.ActiveCfg = Release|Any CPU
		{C083E280-280D-4191-8EB5-F01C6560E09F}.Release|Any CPU.Build.0 = Release|Any CPU
	EndGlobalSection
	GlobalSection(SolutionProperties) = preSolution
		HideSolutionNode = FALSE
	EndGlobalSection
EndGlobal
